# THIS IS AN AUTOGENERATED FILE. DO NOT EDIT THIS FILE DIRECTLY.
# yarn lockfile v1


ajv-keywords@^3.0.0:
  version "3.1.0"
  resolved "https://registry.yarnpkg.com/ajv-keywords/-/ajv-keywords-3.1.0.tgz#ac2b27939c543e95d2c06e7f7f5c27be4aa543be"

ajv@^6.0.1:
  version "6.2.1"
  resolved "https://registry.yarnpkg.com/ajv/-/ajv-6.2.1.tgz#28a6abc493a2abe0fb4c8507acaedb43fa550671"
  dependencies:
    fast-deep-equal "^1.0.0"
    fast-json-stable-stringify "^2.0.0"
    json-schema-traverse "^0.3.0"

ansi-regex@^3.0.0:
  version "3.0.0"
  resolved "https://registry.yarnpkg.com/ansi-regex/-/ansi-regex-3.0.0.tgz#ed0317c322064f79466c02966bddb605ab37d998"

ansi-styles@^3.2.1:
  version "3.2.1"
  resolved "https://registry.yarnpkg.com/ansi-styles/-/ansi-styles-3.2.1.tgz#41fbb20243e50b12be0f04b8dedbf07520ce841d"
  dependencies:
    color-convert "^1.9.0"

autocannon@^2.0.1:
  version "2.0.1"
  resolved "https://registry.yarnpkg.com/autocannon/-/autocannon-2.0.1.tgz#c42ee497e029902812b132c545e53be3155e9154"
  dependencies:
    chalk "^2.0.0"
    clone "^2.1.1"
    color-support "^1.1.1"
    deep-extend "^0.5.0"
    hdr-histogram-js "^1.0.0"
    hdr-histogram-percentiles-obj "^1.2.0"
    http-parser-js "^0.4.2"
    hyperid "^1.1.0"
    minimist "^1.2.0"
    pretty-bytes "^4.0.2"
    progress "^2.0.0"
    reinterval "^1.1.0"
    retimer "^1.0.1"
    table "^4.0.1"
    timestring "^5.0.0"
    xtend "^4.0.1"

base64-js@^1.2.0:
  version "1.2.3"
  resolved "https://registry.yarnpkg.com/base64-js/-/base64-js-1.2.3.tgz#fb13668233d9614cf5fb4bce95a9ba4096cdf801"

chalk@^2.0.0, chalk@^2.1.0:
  version "2.3.2"
  resolved "https://registry.yarnpkg.com/chalk/-/chalk-2.3.2.tgz#250dc96b07491bfd601e648d66ddf5f60c7a5c65"
  dependencies:
    ansi-styles "^3.2.1"
    escape-string-regexp "^1.0.5"
    supports-color "^5.3.0"

clone@^2.1.1:
  version "2.1.1"
  resolved "https://registry.yarnpkg.com/clone/-/clone-2.1.1.tgz#d217d1e961118e3ac9a4b8bba3285553bf647cdb"

color-convert@^1.9.0:
  version "1.9.1"
  resolved "https://registry.yarnpkg.com/color-convert/-/color-convert-1.9.1.tgz#c1261107aeb2f294ebffec9ed9ecad529a6097ed"
  dependencies:
    color-name "^1.1.1"

color-name@^1.1.1:
  version "1.1.3"
  resolved "https://registry.yarnpkg.com/color-name/-/color-name-1.1.3.tgz#a7d0558bd89c42f795dd42328f740831ca53bc25"

color-support@^1.1.1:
  version "1.1.3"
  resolved "https://registry.yarnpkg.com/color-support/-/color-support-1.1.3.tgz#93834379a1cc9a0c61f82f52f0d04322251bd5a2"

deep-extend@^0.5.0:
  version "0.5.0"
  resolved "https://registry.yarnpkg.com/deep-extend/-/deep-extend-0.5.0.tgz#6ef4a09b05f98b0e358d6d93d4ca3caec6672803"

escape-string-regexp@^1.0.5:
  version "1.0.5"
  resolved "https://registry.yarnpkg.com/escape-string-regexp/-/escape-string-regexp-1.0.5.tgz#1b61c0562190a8dff6ae3bb2cf0200ca130b86d4"

fast-deep-equal@^1.0.0:
  version "1.1.0"
  resolved "https://registry.yarnpkg.com/fast-deep-equal/-/fast-deep-equal-1.1.0.tgz#c053477817c86b51daa853c81e059b733d023614"

fast-json-stable-stringify@^2.0.0:
  version "2.0.0"
  resolved "https://registry.yarnpkg.com/fast-json-stable-stringify/-/fast-json-stable-stringify-2.0.0.tgz#d5142c0caee6b1189f87d3a76111064f86c8bbf2"

has-flag@^3.0.0:
  version "3.0.0"
  resolved "https://registry.yarnpkg.com/has-flag/-/has-flag-3.0.0.tgz#b5d454dc2199ae225699f3467e5a07f3b955bafd"

hdr-histogram-js@^1.0.0:
  version "1.0.0"
  resolved "https://registry.yarnpkg.com/hdr-histogram-js/-/hdr-histogram-js-1.0.0.tgz#781615e5820c676908f9c61029bd946352a5d4b0"
  dependencies:
    base64-js "^1.2.0"
    pako "^1.0.3"

hdr-histogram-percentiles-obj@^1.2.0:
  version "1.2.0"
  resolved "https://registry.yarnpkg.com/hdr-histogram-percentiles-obj/-/hdr-histogram-percentiles-obj-1.2.0.tgz#650130e29a7b17a9507a98e224375d3114cd44b2"
  dependencies:
    hdr-histogram-js "^1.0.0"

http-parser-js@^0.4.10, http-parser-js@^0.4.2:
  version "0.4.10"
  resolved "https://registry.yarnpkg.com/http-parser-js/-/http-parser-js-0.4.10.tgz#92c9c1374c35085f75db359ec56cc257cbb93fa4"

hyperid@^1.1.0:
  version "1.2.0"
  resolved "https://registry.yarnpkg.com/hyperid/-/hyperid-1.2.0.tgz#868aca10845b3070cbe06abf416862bde0f45257"
  dependencies:
    uuid "^2.0.2"

is-fullwidth-code-point@^2.0.0:
  version "2.0.0"
  resolved "https://registry.yarnpkg.com/is-fullwidth-code-point/-/is-fullwidth-code-point-2.0.0.tgz#a3b30a5c4f199183167aaab93beefae3ddfb654f"

json-schema-traverse@^0.3.0:
  version "0.3.1"
  resolved "https://registry.yarnpkg.com/json-schema-traverse/-/json-schema-traverse-0.3.1.tgz#349a6d44c53a51de89b40805c5d5e59b417d3340"

lodash@^4.17.4:
  version "4.17.5"
  resolved "https://registry.yarnpkg.com/lodash/-/lodash-4.17.5.tgz#99a92d65c0272debe8c96b6057bc8fbfa3bed511"

minimist@^1.2.0:
  version "1.2.0"
  resolved "https://registry.yarnpkg.com/minimist/-/minimist-1.2.0.tgz#a35008b20f41383eec1fb914f4cd5df79a264284"

napi-macros@^1.3.0:
  version "1.3.0"
  resolved "https://registry.yarnpkg.com/napi-macros/-/napi-macros-1.3.0.tgz#dca489a65ab1d464120f9d5d745ce45a344056ab"

node-gyp-build@^3.3.0:
  version "3.3.0"
  resolved "https://registry.yarnpkg.com/node-gyp-build/-/node-gyp-build-3.3.0.tgz#df755c8dba1120c7c5e3179bbfd4203aa495e9a3"

pako@^1.0.3:
  version "1.0.6"
  resolved "https://registry.yarnpkg.com/pako/-/pako-1.0.6.tgz#0101211baa70c4bca4a0f63f2206e97b7dfaf258"

pretty-bytes@^4.0.2:
  version "4.0.2"
  resolved "https://registry.yarnpkg.com/pretty-bytes/-/pretty-bytes-4.0.2.tgz#b2bf82e7350d65c6c33aa95aaa5a4f6327f61cd9"

progress@^2.0.0:
  version "2.0.0"
  resolved "https://registry.yarnpkg.com/progress/-/progress-2.0.0.tgz#8a1be366bf8fc23db2bd23f10c6fe920b4389d1f"

reinterval@^1.1.0:
  version "1.1.0"
  resolved "https://registry.yarnpkg.com/reinterval/-/reinterval-1.1.0.tgz#3361ecfa3ca6c18283380dd0bb9546f390f5ece7"

retimer@^1.0.1:
  version "1.1.0"
  resolved "https://registry.yarnpkg.com/retimer/-/retimer-1.1.0.tgz#8cb2cec5cc200c245622e943aa11549f25c5ed2c"

slice-ansi@1.0.0:
  version "1.0.0"
  resolved "https://registry.yarnpkg.com/slice-ansi/-/slice-ansi-1.0.0.tgz#044f1a49d8842ff307aad6b505ed178bd950134d"
  dependencies:
    is-fullwidth-code-point "^2.0.0"

string-width@^2.1.1:
  version "2.1.1"
  resolved "https://registry.yarnpkg.com/string-width/-/string-width-2.1.1.tgz#ab93f27a8dc13d28cac815c462143a6d9012ae9e"
  dependencies:
    is-fullwidth-code-point "^2.0.0"
    strip-ansi "^4.0.0"

strip-ansi@^4.0.0:
  version "4.0.0"
  resolved "https://registry.yarnpkg.com/strip-ansi/-/strip-ansi-4.0.0.tgz#a8479022eb1ac368a871389b635262c505ee368f"
  dependencies:
    ansi-regex "^3.0.0"

supports-color@^5.3.0:
  version "5.3.0"
  resolved "https://registry.yarnpkg.com/supports-color/-/supports-color-5.3.0.tgz#5b24ac15db80fa927cf5227a4a33fd3c4c7676c0"
  dependencies:
    has-flag "^3.0.0"

table@^4.0.1:
  version "4.0.3"
  resolved "https://registry.yarnpkg.com/table/-/table-4.0.3.tgz#00b5e2b602f1794b9acaf9ca908a76386a7813bc"
  dependencies:
    ajv "^6.0.1"
    ajv-keywords "^3.0.0"
    chalk "^2.1.0"
    lodash "^4.17.4"
    slice-ansi "1.0.0"
    string-width "^2.1.1"

timestring@^5.0.0:
  version "5.0.0"
  resolved "https://registry.yarnpkg.com/timestring/-/timestring-5.0.0.tgz#3494b36c5766927a7f67db955457cfe5f6068dd0"

turbo-http@^0.1.1:
  version "0.1.1"
  resolved "https://registry.yarnpkg.com/turbo-http/-/turbo-http-0.1.1.tgz#9d48fc91f2cb3c813fcb8ee24747a6cf60fcb352"
  dependencies:
    http-parser-js "^0.4.10"
    turbo-net "^1.2.1"

turbo-net@^1.2.1:
  version "1.3.0"
  resolved "https://registry.yarnpkg.com/turbo-net/-/turbo-net-1.3.0.tgz#029b06383f34d58ac070fb9bac267b034179b7ef"
  dependencies:
    napi-macros "^1.3.0"
    node-gyp-build "^3.3.0"
    unordered-set "^2.0.0"

unordered-set@^2.0.0:
  version "2.0.0"
  resolved "https://registry.yarnpkg.com/unordered-set/-/unordered-set-2.0.0.tgz#985a27e975baa20b8263aea7a791e9300941a9ec"

uuid@^2.0.2:
  version "2.0.3"
  resolved "https://registry.yarnpkg.com/uuid/-/uuid-2.0.3.tgz#67e2e863797215530dff318e5bf9dcebfd47b21a"

xtend@^4.0.1:
  version "4.0.1"
  resolved "https://registry.yarnpkg.com/xtend/-/xtend-4.0.1.tgz#a5c6d532be656e23db820efb943a1f04998d63af"
